
Microsoft Visual Studio Solution File, Format Version 12.00
# Visual Studio Version 16
VisualStudioVersion = 16.0.32228.343
MinimumVisualStudioVersion = 10.0.40219.1
Project("{FAE04EC0-301F-11D3-BF4B-00C04F79EFBC}") = "BtnPrinterExcel", "BtnPrinterExcel.csproj", "{7E7497A4-9FE2-49AA-9729-541D4F829E31}"
EndProject
Global
	GlobalSection(SolutionConfigurationPlatforms) = preSolution
		Debug|Any CPU = Debug|Any CPU
		Release|Any CPU = Release|Any CPU
	EndGlobalSection
	GlobalSection(ProjectConfigurationPlatforms) = postSolution
		{7E7497A4-9FE2-49AA-9729-541D4F829E31}.Debug|Any CPU.ActiveCfg = Debug|Any CPU
		{7E7497A4-9FE2-49AA-9729-541D4F829E31}.Debug|Any CPU.Build.0 = Debug|Any CPU
		{7E7497A4-9FE2-49AA-9729-541D4F829E31}.Release|Any CPU.ActiveCfg = Release|Any CPU
		{7E7497A4-9FE2-49AA-9729-541D4F829E31}.Release|Any CPU.Build.0 = Release|Any CPU
	EndGlobalSection
	GlobalSection(SolutionProperties) = preSolution
		HideSolutionNode = FALSE
	EndGlobalSection
	GlobalSection(ExtensibilityGlobals) = postSolution
		SolutionGuid = {D5AEBDA0-7E10-4177-9F1E-C32C24DCBCFC}
	EndGlobalSection
EndGlobal
